
Microsoft Visual Studio Solution File, Format Version 12.00
# Visual Studio Version 16
VisualStudioVersion = 16.0.30128.74
MinimumVisualStudioVersion = 10.0.40219.1
Project("{FAE04EC0-301F-11D3-BF4B-00C04F79EFBC}") = "JwtExample", "JwtExample\JwtExample.csproj", "{A8630AE4-4D94-430C-B0F4-CC329630C9B8}"
EndProject
Global
	GlobalSection(SolutionConfigurationPlatforms) = preSolution
		Debug|Any CPU = Debug|Any CPU
		Release|Any CPU = Release|Any CPU
	EndGlobalSection
	GlobalSection(ProjectConfigurationPlatforms) = postSolution
		{A8630AE4-4D94-430C-B0F4-CC329630C9B8}.Debug|Any CPU.ActiveCfg = Debug|Any CPU
		{A8630AE4-4D94-430C-B0F4-CC329630C9B8}.Debug|Any CPU.Build.0 = Debug|Any CPU
		{A8630AE4-4D94-430C-B0F4-CC329630C9B8}.Release|Any CPU.ActiveCfg = Release|Any CPU
		{A8630AE4-4D94-430C-B0F4-CC329630C9B8}.Release|Any CPU.Build.0 = Release|Any CPU
	EndGlobalSection
	GlobalSection(SolutionProperties) = preSolution
		HideSolutionNode = FALSE
	EndGlobalSection
	GlobalSection(ExtensibilityGlobals) = postSolution
		SolutionGuid = {9204C515-88FC-4C60-BB1D-14C0B56B510C}
	EndGlobalSection
EndGlobal
